<?xml version="1.0" encoding="utf-8"?>
<Project ToolsVersion="4.0" xmlns="http://schemas.microsoft.com/developer/msbuild/2003">
  <ItemGroup>
    <Filter Include="Source Files">
      <UniqueIdentifier>{4FC737F1-C7A5-4376-A066-2A32D752A2FF}</UniqueIdentifier>
      <Extensions>cpp;c;cc;cxx;def;odl;idl;hpj;bat;asm;asmx</Extensions>
    </Filter>
    <Filter Include="Header Files">
      <UniqueIdentifier>{93995380-89BD-4b04-88EB-625FBE52EBFB}</UniqueIdentifier>
      <Extensions>h;hpp;hxx;hm;inl;inc;xsd</Extensions>
    </Filter>
    <Filter Include="Resource Files">
      <UniqueIdentifier>{67DA6AB6-F800-4c08-8B7A-83BB121AAD01}</UniqueIdentifier>
      <Extensions>rc;ico;cur;bmp;dlg;rc2;rct;bin;rgs;gif;jpg;jpeg;jpe;resx;tiff;tif;png;wav;mfcribbon-ms</Extensions>
    </Filter>
    <Filter Include="Source Files\Interface">
      <UniqueIdentifier>{ab767db5-4b44-40b6-ae29-b510e9667bcb}</UniqueIdentifier>
    </Filter>
    <Filter Include="Header Files\Interface">
      <UniqueIdentifier>{ebd10bbf-303e-4953-b72d-7d7bf1af4f2a}</UniqueIdentifier>
    </Filter>
    <Filter Include="Header Files\Camera">
      <UniqueIdentifier>{34d4d15b-8451-41fb-9d8d-f4e481fe9d36}</UniqueIdentifier>
    </Filter>
    <Filter Include="Source Files\Camera">
      <UniqueIdentifier>{f166113e-0872-445a-b73c-060b7de4595c}</UniqueIdentifier>
    </Filter>
    <Filter Include="Header Files\Manager">
      <UniqueIdentifier>{d1f6a627-01b1-4110-9d93-757ae4744fdd}</UniqueIdentifier>
    </Filter>
    <Filter Include="Source Files\Manager">
      <UniqueIdentifier>{adc2c794-d078-4876-9e36-36892044914e}</UniqueIdentifier>
    </Filter>
    <Filter Include="Header Files\Shader">
      <UniqueIdentifier>{937d5090-5b24-495c-93d9-06ded596d269}</UniqueIdentifier>
    </Filter>
    <Filter Include="Source Files\Shader">
      <UniqueIdentifier>{793d7e79-89c6-4bf7-8864-8db2cddceebd}</UniqueIdentifier>
    </Filter>
    <Filter Include="Header Files\Piece">
      <UniqueIdentifier>{c589ff44-8857-41da-b7fa-b3e6dee30f33}</UniqueIdentifier>
    </Filter>
    <Filter Include="Source Files\Piece">
      <UniqueIdentifier>{ad212fa7-1999-4aa8-8c70-d46e1f0fac42}</UniqueIdentifier>
    </Filter>
    <Filter Include="Header Files\Texture">
      <UniqueIdentifier>{3a118900-e081-4902-a91a-6a84d7873457}</UniqueIdentifier>
    </Filter>
    <Filter Include="Source Files\Texture">
      <UniqueIdentifier>{ad1a4f1e-8cca-4b2a-bf5b-aacec10f5502}</UniqueIdentifier>
    </Filter>
    <Filter Include="Header Files\ObjReader">
      <UniqueIdentifier>{8a412cf7-4d15-4853-9972-da3678b900bb}</UniqueIdentifier>
    </Filter>
    <Filter Include="Source Files\ObjReader">
      <UniqueIdentifier>{471b2461-03ec-4c3e-a09f-15be10983df0}</UniqueIdentifier>
    </Filter>
    <Filter Include="Resource Files\objects">
      <UniqueIdentifier>{aa9e036b-8fe8-4505-8409-b4b65526aa23}</UniqueIdentifier>
    </Filter>
    <Filter Include="Resource Files\textures">
      <UniqueIdentifier>{c822d2f6-7cc9-4e78-8fe6-11c9ee423ad4}</UniqueIdentifier>
    </Filter>
    <Filter Include="Resource Files\shaders">
      <UniqueIdentifier>{fb394e76-cd1a-4543-8ba1-0e17ee568f64}</UniqueIdentifier>
    </Filter>
  </ItemGroup>
  <ItemGroup>
    <ClCompile Include="..\src\main.cpp">
      <Filter>Source Files</Filter>
    </ClCompile>
    <ClCompile Include="..\src\Interface.cpp">
      <Filter>Source Files\Interface</Filter>
    </ClCompile>
    <ClCompile Include="..\src\Manager.cpp">
      <Filter>Source Files\Manager</Filter>
    </ClCompile>
    <ClCompile Include="..\src\Piece.cpp">
      <Filter>Source Files\Piece</Filter>
    </ClCompile>
    <ClCompile Include="..\src\ShaderProgram.cpp">
      <Filter>Source Files\Shader</Filter>
    </ClCompile>
    <ClCompile Include="..\src\Camera.cpp">
      <Filter>Source Files\Camera</Filter>
    </ClCompile>
    <ClCompile Include="..\src\Vertex.cpp">
      <Filter>Source Files\Piece</Filter>
    </ClCompile>
    <ClCompile Include="..\src\Texture2D.cpp">
      <Filter>Source Files\Texture</Filter>
    </ClCompile>
    <ClCompile Include="..\src\Textures.cpp">
      <Filter>Source Files\Texture</Filter>
    </ClCompile>
    <ClCompile Include="..\src\PieceReader.cpp">
      <Filter>Source Files\ObjReader</Filter>
    </ClCompile>
  </ItemGroup>
  <ItemGroup>
    <ClInclude Include="..\src\Includes.h">
      <Filter>Header Files</Filter>
    </ClInclude>
    <ClInclude Include="..\src\Interface.h">
      <Filter>Header Files\Interface</Filter>
    </ClInclude>
    <ClInclude Include="..\src\Manager.h">
      <Filter>Header Files\Manager</Filter>
    </ClInclude>
    <ClInclude Include="..\src\Piece.h">
      <Filter>Header Files\Piece</Filter>
    </ClInclude>
    <ClInclude Include="..\src\ShaderProgram.h">
      <Filter>Header Files\Shader</Filter>
    </ClInclude>
    <ClInclude Include="..\src\Camera.h">
      <Filter>Header Files\Camera</Filter>
    </ClInclude>
    <ClInclude Include="..\src\Drawable.h">
      <Filter>Header Files\Piece</Filter>
    </ClInclude>
    <ClInclude Include="..\src\Vertex.h">
      <Filter>Header Files\Piece</Filter>
    </ClInclude>
    <ClInclude Include="..\src\Texture2D.h">
      <Filter>Header Files\Texture</Filter>
    </ClInclude>
    <ClInclude Include="..\src\Textures.h">
      <Filter>Header Files\Texture</Filter>
    </ClInclude>
    <ClInclude Include="..\src\PieceReader.h">
      <Filter>Header Files\ObjReader</Filter>
    </ClInclude>
  </ItemGroup>
  <ItemGroup>
    <None Include="..\shaders\fragment_shader.glsl">
      <Filter>Resource Files\shaders</Filter>
    </None>
    <None Include="..\shaders\vertex_shader.glsl">
      <Filter>Resource Files\shaders</Filter>
    </None>
    <None Include="..\objects\teapot.obj">
      <Filter>Resource Files\objects</Filter>
    </None>
  </ItemGroup>
  <ItemGroup>
    <Image Include="..\textures\stone.tga">
      <Filter>Resource Files\textures</Filter>
    </Image>
    <Image Include="..\textures\fire.tga">
      <Filter>Resource Files\textures</Filter>
    </Image>
  </ItemGroup>
</Project>